
Microsoft Visual Studio Solution File, Format Version 12.00
# Visual Studio Version 17
VisualStudioVersion = 17.14.36310.24 d17.14
MinimumVisualStudioVersion = 10.0.40219.1
Project("{FAE04EC0-301F-11D3-BF4B-00C04F79EFBC}") = "TrabalhoDiaDaSemana", "TrabalhoDiaDaSemana.csproj", "{D40A1C1A-3D87-4F76-B7FB-EAA1996924AD}"
EndProject
Global
	GlobalSection(SolutionConfigurationPlatforms) = preSolution
		Debug|Any CPU = Debug|Any CPU
		Release|Any CPU = Release|Any CPU
	EndGlobalSection
	GlobalSection(ProjectConfigurationPlatforms) = postSolution
		{D40A1C1A-3D87-4F76-B7FB-EAA1996924AD}.Debug|Any CPU.ActiveCfg = Debug|Any CPU
		{D40A1C1A-3D87-4F76-B7FB-EAA1996924AD}.Debug|Any CPU.Build.0 = Debug|Any CPU
		{D40A1C1A-3D87-4F76-B7FB-EAA1996924AD}.Release|Any CPU.ActiveCfg = Release|Any CPU
		{D40A1C1A-3D87-4F76-B7FB-EAA1996924AD}.Release|Any CPU.Build.0 = Release|Any CPU
	EndGlobalSection
	GlobalSection(SolutionProperties) = preSolution
		HideSolutionNode = FALSE
	EndGlobalSection
	GlobalSection(ExtensibilityGlobals) = postSolution
		SolutionGuid = {68FB002E-3A60-4BB3-AC77-CAEAAF8F6E8A}
	EndGlobalSection
EndGlobal
