
Microsoft Visual Studio Solution File, Format Version 12.00
# Visual Studio Version 17
VisualStudioVersion = 17.14.36310.24 d17.14
MinimumVisualStudioVersion = 10.0.40219.1
Project("{FAE04EC0-301F-11D3-BF4B-00C04F79EFBC}") = "CalculadoraMatriz", "CalculadoraMatriz.csproj", "{D9299143-8CD4-4DBF-93FC-E949A88EC82B}"
EndProject
Global
	GlobalSection(SolutionConfigurationPlatforms) = preSolution
		Debug|Any CPU = Debug|Any CPU
		Release|Any CPU = Release|Any CPU
	EndGlobalSection
	GlobalSection(ProjectConfigurationPlatforms) = postSolution
		{D9299143-8CD4-4DBF-93FC-E949A88EC82B}.Debug|Any CPU.ActiveCfg = Debug|Any CPU
		{D9299143-8CD4-4DBF-93FC-E949A88EC82B}.Debug|Any CPU.Build.0 = Debug|Any CPU
		{D9299143-8CD4-4DBF-93FC-E949A88EC82B}.Release|Any CPU.ActiveCfg = Release|Any CPU
		{D9299143-8CD4-4DBF-93FC-E949A88EC82B}.Release|Any CPU.Build.0 = Release|Any CPU
	EndGlobalSection
	GlobalSection(SolutionProperties) = preSolution
		HideSolutionNode = FALSE
	EndGlobalSection
	GlobalSection(ExtensibilityGlobals) = postSolution
		SolutionGuid = {601D6C1B-EAAD-42FD-9BCF-2DEA67CFCCF5}
	EndGlobalSection
EndGlobal
