
Microsoft Visual Studio Solution File, Format Version 12.00
# Visual Studio Version 17
VisualStudioVersion = 17.14.36310.24 d17.14
MinimumVisualStudioVersion = 10.0.40219.1
Project("{FAE04EC0-301F-11D3-BF4B-00C04F79EFBC}") = "teste", "teste\teste.csproj", "{1ADE0C0F-F86B-4C23-A434-0316F922E03C}"
EndProject
Global
	GlobalSection(SolutionConfigurationPlatforms) = preSolution
		Debug|Any CPU = Debug|Any CPU
		Release|Any CPU = Release|Any CPU
	EndGlobalSection
	GlobalSection(ProjectConfigurationPlatforms) = postSolution
		{1ADE0C0F-F86B-4C23-A434-0316F922E03C}.Debug|Any CPU.ActiveCfg = Debug|Any CPU
		{1ADE0C0F-F86B-4C23-A434-0316F922E03C}.Debug|Any CPU.Build.0 = Debug|Any CPU
		{1ADE0C0F-F86B-4C23-A434-0316F922E03C}.Release|Any CPU.ActiveCfg = Release|Any CPU
		{1ADE0C0F-F86B-4C23-A434-0316F922E03C}.Release|Any CPU.Build.0 = Release|Any CPU
	EndGlobalSection
	GlobalSection(SolutionProperties) = preSolution
		HideSolutionNode = FALSE
	EndGlobalSection
	GlobalSection(ExtensibilityGlobals) = postSolution
		SolutionGuid = {579021CB-73AF-4BD6-919B-66FDB53A1BE4}
	EndGlobalSection
EndGlobal
